
Microsoft Visual Studio Solution File, Format Version 12.00
# Visual Studio Version 17
VisualStudioVersion = 17.8.34330.188
MinimumVisualStudioVersion = 10.0.40219.1
Project("{FAE04EC0-301F-11D3-BF4B-00C04F79EFBC}") = "tracker_expense", "tracker_expense.csproj", "{6DC2D9D2-78CC-4D33-BA6F-74647E704F34}"
EndProject
Global
	GlobalSection(SolutionConfigurationPlatforms) = preSolution
		Debug|Any CPU = Debug|Any CPU
		Release|Any CPU = Release|Any CPU
	EndGlobalSection
	GlobalSection(ProjectConfigurationPlatforms) = postSolution
		{6DC2D9D2-78CC-4D33-BA6F-74647E704F34}.Debug|Any CPU.ActiveCfg = Debug|Any CPU
		{6DC2D9D2-78CC-4D33-BA6F-74647E704F34}.Debug|Any CPU.Build.0 = Debug|Any CPU
		{6DC2D9D2-78CC-4D33-BA6F-74647E704F34}.Release|Any CPU.ActiveCfg = Release|Any CPU
		{6DC2D9D2-78CC-4D33-BA6F-74647E704F34}.Release|Any CPU.Build.0 = Release|Any CPU
	EndGlobalSection
	GlobalSection(SolutionProperties) = preSolution
		HideSolutionNode = FALSE
	EndGlobalSection
	GlobalSection(ExtensibilityGlobals) = postSolution
		SolutionGuid = {DFBC3075-FDD8-414F-8C94-EB58C5993E12}
	EndGlobalSection
EndGlobal
